// !$*UTF8*$!
{
	archiveVersion = 1;
	classes = {
	};
	objectVersion = 46;
	objects = {

/* Begin PBXBuildFile section */
		31E6414D19CAD4C10041421D /* AppDelegate.swift in Sources */ = {isa = PBXBuildFile; fileRef = 31E6414C19CAD4C10041421D /* AppDelegate.swift */; };
		31E6414F19CAD4C10041421D /* ViewController.swift in Sources */ = {isa = PBXBuildFile; fileRef = 31E6414E19CAD4C10041421D /* ViewController.swift */; };
		31E6415219CAD4C10041421D /* Main.storyboard in Resources */ = {isa = PBXBuildFile; fileRef = 31E6415019CAD4C10041421D /* Main.storyboard */; };
		31E6415419CAD4C10041421D /* Images.xcassets in Resources */ = {isa = PBXBuildFile; fileRef = 31E6415319CAD4C10041421D /* Images.xcassets */; };
		31E6415719CAD4C10041421D /* LaunchScreen.xib in Resources */ = {isa = PBXBuildFile; fileRef = 31E6415519CAD4C10041421D /* LaunchScreen.xib */; };
		31E6416319CAD4C10041421D /* SwiftMustachesTests.swift in Sources */ = {isa = PBXBuildFile; fileRef = 31E6416219CAD4C10041421D /* SwiftMustachesTests.swift */; };
		31E6417619CADC100041421D /* PhotosUI.framework in Frameworks */ = {isa = PBXBuildFile; fileRef = 31E6417519CADC100041421D /* PhotosUI.framework */; };
		31E6417819CADC100041421D /* Photos.framework in Frameworks */ = {isa = PBXBuildFile; fileRef = 31E6417719CADC100041421D /* Photos.framework */; };
		31E6417D19CADC100041421D /* PhotoEditingViewController.swift in Sources */ = {isa = PBXBuildFile; fileRef = 31E6417C19CADC100041421D /* PhotoEditingViewController.swift */; };
		31E6417F19CADC100041421D /* MainInterface.storyboard in Resources */ = {isa = PBXBuildFile; fileRef = 31E6417E19CADC100041421D /* MainInterface.storyboard */; };
		31E6418219CADC100041421D /* PhotoEditingExtension.appex in Embed App Extensions */ = {isa = PBXBuildFile; fileRef = 31E6417319CADC100041421D /* PhotoEditingExtension.appex */; settings = {ATTRIBUTES = (RemoveHeadersOnCopy, ); }; };
		31E6418C19CAE3AB0041421D /* MustacheAnnotation.swift in Sources */ = {isa = PBXBuildFile; fileRef = 31E6418B19CAE3AB0041421D /* MustacheAnnotation.swift */; };
		31E6418D19CAE3AB0041421D /* MustacheAnnotation.swift in Sources */ = {isa = PBXBuildFile; fileRef = 31E6418B19CAE3AB0041421D /* MustacheAnnotation.swift */; };
		31ED765A19CB0E06007365DC /* UIImage+RotatedImage.swift in Sources */ = {isa = PBXBuildFile; fileRef = 31ED765919CB0E06007365DC /* UIImage+RotatedImage.swift */; };
		31ED765B19CB0E06007365DC /* UIImage+RotatedImage.swift in Sources */ = {isa = PBXBuildFile; fileRef = 31ED765919CB0E06007365DC /* UIImage+RotatedImage.swift */; };
		31ED765D19CB10E4007365DC /* UIImage+ImageOrientation.swift in Sources */ = {isa = PBXBuildFile; fileRef = 31ED765C19CB10E4007365DC /* UIImage+ImageOrientation.swift */; };
		31ED765E19CB10E4007365DC /* UIImage+ImageOrientation.swift in Sources */ = {isa = PBXBuildFile; fileRef = 31ED765C19CB10E4007365DC /* UIImage+ImageOrientation.swift */; };
/* End PBXBuildFile section */

/* Begin PBXContainerItemProxy section */
		31E6415D19CAD4C10041421D /* PBXContainerItemProxy */ = {
			isa = PBXContainerItemProxy;
			containerPortal = 31E6413F19CAD4C10041421D /* Project object */;
			proxyType = 1;
			remoteGlobalIDString = 31E6414619CAD4C10041421D;
			remoteInfo = SwiftMustaches;
		};
		31E6418019CADC100041421D /* PBXContainerItemProxy */ = {
			isa = PBXContainerItemProxy;
			containerPortal = 31E6413F19CAD4C10041421D /* Project object */;
			proxyType = 1;
			remoteGlobalIDString = 31E6417219CADC100041421D;
			remoteInfo = PhotoEditingExtension;
		};
		31E6418319CADC110041421D /* PBXContainerItemProxy */ = {
			isa = PBXContainerItemProxy;
			containerPortal = 31E6413F19CAD4C10041421D /* Project object */;
			proxyType = 1;
			remoteGlobalIDString = 31E6417219CADC100041421D;
			remoteInfo = PhotoEditingExtension;
		};
/* End PBXContainerItemProxy section */

/* Begin PBXCopyFilesBuildPhase section */
		31E6418819CADC110041421D /* Embed App Extensions */ = {
			isa = PBXCopyFilesBuildPhase;
			buildActionMask = 2147483647;
			dstPath = "";
			dstSubfolderSpec = 13;
			files = (
				31E6418219CADC100041421D /* PhotoEditingExtension.appex in Embed App Extensions */,
			);
			name = "Embed App Extensions";
			runOnlyForDeploymentPostprocessing = 0;
		};
/* End PBXCopyFilesBuildPhase section */

/* Begin PBXFileReference section */
		31E6414719CAD4C10041421D /* SwiftMustaches.app */ = {isa = PBXFileReference; explicitFileType = wrapper.application; includeInIndex = 0; path = SwiftMustaches.app; sourceTree = BUILT_PRODUCTS_DIR; };
		31E6414B19CAD4C10041421D /* Info.plist */ = {isa = PBXFileReference; lastKnownFileType = text.plist.xml; path = Info.plist; sourceTree = "<group>"; };
		31E6414C19CAD4C10041421D /* AppDelegate.swift */ = {isa = PBXFileReference; lastKnownFileType = sourcecode.swift; path = AppDelegate.swift; sourceTree = "<group>"; };
		31E6414E19CAD4C10041421D /* ViewController.swift */ = {isa = PBXFileReference; lastKnownFileType = sourcecode.swift; path = ViewController.swift; sourceTree = "<group>"; };
		31E6415119CAD4C10041421D /* Base */ = {isa = PBXFileReference; lastKnownFileType = file.storyboard; name = Base; path = Base.lproj/Main.storyboard; sourceTree = "<group>"; };
		31E6415319CAD4C10041421D /* Images.xcassets */ = {isa = PBXFileReference; lastKnownFileType = folder.assetcatalog; path = Images.xcassets; sourceTree = "<group>"; };
		31E6415619CAD4C10041421D /* Base */ = {isa = PBXFileReference; lastKnownFileType = file.xib; name = Base; path = Base.lproj/LaunchScreen.xib; sourceTree = "<group>"; };
		31E6415C19CAD4C10041421D /* SwiftMustachesTests.xctest */ = {isa = PBXFileReference; explicitFileType = wrapper.cfbundle; includeInIndex = 0; path = SwiftMustachesTests.xctest; sourceTree = BUILT_PRODUCTS_DIR; };
		31E6416119CAD4C10041421D /* Info.plist */ = {isa = PBXFileReference; lastKnownFileType = text.plist.xml; path = Info.plist; sourceTree = "<group>"; };
		31E6416219CAD4C10041421D /* SwiftMustachesTests.swift */ = {isa = PBXFileReference; lastKnownFileType = sourcecode.swift; path = SwiftMustachesTests.swift; sourceTree = "<group>"; };
		31E6417319CADC100041421D /* PhotoEditingExtension.appex */ = {isa = PBXFileReference; explicitFileType = "wrapper.app-extension"; includeInIndex = 0; path = PhotoEditingExtension.appex; sourceTree = BUILT_PRODUCTS_DIR; };
		31E6417519CADC100041421D /* PhotosUI.framework */ = {isa = PBXFileReference; lastKnownFileType = wrapper.framework; name = PhotosUI.framework; path = System/Library/Frameworks/PhotosUI.framework; sourceTree = SDKROOT; };
		31E6417719CADC100041421D /* Photos.framework */ = {isa = PBXFileReference; lastKnownFileType = wrapper.framework; name = Photos.framework; path = System/Library/Frameworks/Photos.framework; sourceTree = SDKROOT; };
		31E6417B19CADC100041421D /* Info.plist */ = {isa = PBXFileReference; lastKnownFileType = text.plist.xml; path = Info.plist; sourceTree = "<group>"; };
		31E6417C19CADC100041421D /* PhotoEditingViewController.swift */ = {isa = PBXFileReference; lastKnownFileType = sourcecode.swift; path = PhotoEditingViewController.swift; sourceTree = "<group>"; };
		31E6417E19CADC100041421D /* MainInterface.storyboard */ = {isa = PBXFileReference; lastKnownFileType = file.storyboard; path = MainInterface.storyboard; sourceTree = "<group>"; };
		31E6418B19CAE3AB0041421D /* MustacheAnnotation.swift */ = {isa = PBXFileReference; fileEncoding = 4; lastKnownFileType = sourcecode.swift; path = MustacheAnnotation.swift; sourceTree = "<group>"; };
		31ED765919CB0E06007365DC /* UIImage+RotatedImage.swift */ = {isa = PBXFileReference; fileEncoding = 4; lastKnownFileType = sourcecode.swift; path = "UIImage+RotatedImage.swift"; sourceTree = "<group>"; };
		31ED765C19CB10E4007365DC /* UIImage+ImageOrientation.swift */ = {isa = PBXFileReference; fileEncoding = 4; lastKnownFileType = sourcecode.swift; path = "UIImage+ImageOrientation.swift"; sourceTree = "<group>"; };
/* End PBXFileReference section */

/* Begin PBXFrameworksBuildPhase section */
		31E6414419CAD4C10041421D /* Frameworks */ = {
			isa = PBXFrameworksBuildPhase;
			buildActionMask = 2147483647;
			files = (
			);
			runOnlyForDeploymentPostprocessing = 0;
		};
		31E6415919CAD4C10041421D /* Frameworks */ = {
			isa = PBXFrameworksBuildPhase;
			buildActionMask = 2147483647;
			files = (
			);
			runOnlyForDeploymentPostprocessing = 0;
		};
		31E6417019CADC100041421D /* Frameworks */ = {
			isa = PBXFrameworksBuildPhase;
			buildActionMask = 2147483647;
			files = (
				31E6417619CADC100041421D /* PhotosUI.framework in Frameworks */,
				31E6417819CADC100041421D /* Photos.framework in Frameworks */,
			);
			runOnlyForDeploymentPostprocessing = 0;
		};
/* End PBXFrameworksBuildPhase section */

/* Begin PBXGroup section */
		31E6413E19CAD4C10041421D = {
			isa = PBXGroup;
			children = (
				31E6414919CAD4C10041421D /* SwiftMustaches */,
				31E6415F19CAD4C10041421D /* SwiftMustachesTests */,
				31E6417919CADC100041421D /* PhotoEditingExtension */,
				31E6417419CADC100041421D /* Frameworks */,
				31E6414819CAD4C10041421D /* Products */,
			);
			sourceTree = "<group>";
		};
		31E6414819CAD4C10041421D /* Products */ = {
			isa = PBXGroup;
			children = (
				31E6414719CAD4C10041421D /* SwiftMustaches.app */,
				31E6415C19CAD4C10041421D /* SwiftMustachesTests.xctest */,
				31E6417319CADC100041421D /* PhotoEditingExtension.appex */,
			);
			name = Products;
			sourceTree = "<group>";
		};
		31E6414919CAD4C10041421D /* SwiftMustaches */ = {
			isa = PBXGroup;
			children = (
				31ED765819CB0DE0007365DC /* Extensions */,
				31E6418A19CAE3850041421D /* Annotations */,
				31E6416C19CAD5190041421D /* Delegates */,
				31E6416D19CAD5320041421D /* Resources */,
				31E6414A19CAD4C10041421D /* Supporting Files */,
				31E6416E19CAD5600041421D /* UI */,
			);
			path = SwiftMustaches;
			sourceTree = "<group>";
		};
		31E6414A19CAD4C10041421D /* Supporting Files */ = {
			isa = PBXGroup;
			children = (
				31E6414B19CAD4C10041421D /* Info.plist */,
			);
			path = "Supporting Files";
			sourceTree = "<group>";
		};
		31E6415F19CAD4C10041421D /* SwiftMustachesTests */ = {
			isa = PBXGroup;
			children = (
				31E6416019CAD4C10041421D /* Supporting Files */,
				31E6416219CAD4C10041421D /* SwiftMustachesTests.swift */,
			);
			path = SwiftMustachesTests;
			sourceTree = "<group>";
		};
		31E6416019CAD4C10041421D /* Supporting Files */ = {
			isa = PBXGroup;
			children = (
				31E6416119CAD4C10041421D /* Info.plist */,
			);
			path = "Supporting Files";
			sourceTree = "<group>";
		};
		31E6416C19CAD5190041421D /* Delegates */ = {
			isa = PBXGroup;
			children = (
				31E6414C19CAD4C10041421D /* AppDelegate.swift */,
			);
			path = Delegates;
			sourceTree = "<group>";
		};
		31E6416D19CAD5320041421D /* Resources */ = {
			isa = PBXGroup;
			children = (
				31E6415319CAD4C10041421D /* Images.xcassets */,
			);
			path = Resources;
			sourceTree = "<group>";
		};
		31E6416E19CAD5600041421D /* UI */ = {
			isa = PBXGroup;
			children = (
				31E6415519CAD4C10041421D /* LaunchScreen.xib */,
				31E6415019CAD4C10041421D /* Main.storyboard */,
				31E6414E19CAD4C10041421D /* ViewController.swift */,
			);
			path = UI;
			sourceTree = "<group>";
		};
		31E6417419CADC100041421D /* Frameworks */ = {
			isa = PBXGroup;
			children = (
				31E6417519CADC100041421D /* PhotosUI.framework */,
				31E6417719CADC100041421D /* Photos.framework */,
			);
			name = Frameworks;
			sourceTree = "<group>";
		};
		31E6417919CADC100041421D /* PhotoEditingExtension */ = {
			isa = PBXGroup;
			children = (
				31E6418919CADC560041421D /* UI */,
				31E6417A19CADC100041421D /* Supporting Files */,
			);
			path = PhotoEditingExtension;
			sourceTree = "<group>";
		};
		31E6417A19CADC100041421D /* Supporting Files */ = {
			isa = PBXGroup;
			children = (
				31E6417B19CADC100041421D /* Info.plist */,
			);
			path = "Supporting Files";
			sourceTree = "<group>";
		};
		31E6418919CADC560041421D /* UI */ = {
			isa = PBXGroup;
			children = (
				31E6417C19CADC100041421D /* PhotoEditingViewController.swift */,
				31E6417E19CADC100041421D /* MainInterface.storyboard */,
			);
			path = UI;
			sourceTree = "<group>";
		};
		31E6418A19CAE3850041421D /* Annotations */ = {
			isa = PBXGroup;
			children = (
				31E6418B19CAE3AB0041421D /* MustacheAnnotation.swift */,
			);
			path = Annotations;
			sourceTree = "<group>";
		};
		31ED765819CB0DE0007365DC /* Extensions */ = {
			isa = PBXGroup;
			children = (
				31ED765919CB0E06007365DC /* UIImage+RotatedImage.swift */,
				31ED765C19CB10E4007365DC /* UIImage+ImageOrientation.swift */,
			);
			path = Extensions;
			sourceTree = "<group>";
		};
/* End PBXGroup section */

/* Begin PBXNativeTarget section */
		31E6414619CAD4C10041421D /* SwiftMustaches */ = {
			isa = PBXNativeTarget;
			buildConfigurationList = 31E6416619CAD4C10041421D /* Build configuration list for PBXNativeTarget "SwiftMustaches" */;
			buildPhases = (
				31E6414319CAD4C10041421D /* Sources */,
				31E6414419CAD4C10041421D /* Frameworks */,
				31E6414519CAD4C10041421D /* Resources */,
				31E6418819CADC110041421D /* Embed App Extensions */,
			);
			buildRules = (
			);
			dependencies = (
				31E6418119CADC100041421D /* PBXTargetDependency */,
				31E6418419CADC110041421D /* PBXTargetDependency */,
			);
			name = SwiftMustaches;
			productName = SwiftMustaches;
			productReference = 31E6414719CAD4C10041421D /* SwiftMustaches.app */;
			productType = "com.apple.product-type.application";
		};
		31E6415B19CAD4C10041421D /* SwiftMustachesTests */ = {
			isa = PBXNativeTarget;
			buildConfigurationList = 31E6416919CAD4C10041421D /* Build configuration list for PBXNativeTarget "SwiftMustachesTests" */;
			buildPhases = (
				31E6415819CAD4C10041421D /* Sources */,
				31E6415919CAD4C10041421D /* Frameworks */,
				31E6415A19CAD4C10041421D /* Resources */,
			);
			buildRules = (
			);
			dependencies = (
				31E6415E19CAD4C10041421D /* PBXTargetDependency */,
			);
			name = SwiftMustachesTests;
			productName = SwiftMustachesTests;
			productReference = 31E6415C19CAD4C10041421D /* SwiftMustachesTests.xctest */;
			productType = "com.apple.product-type.bundle.unit-test";
		};
		31E6417219CADC100041421D /* PhotoEditingExtension */ = {
			isa = PBXNativeTarget;
			buildConfigurationList = 31E6418719CADC110041421D /* Build configuration list for PBXNativeTarget "PhotoEditingExtension" */;
			buildPhases = (
				31E6416F19CADC100041421D /* Sources */,
				31E6417019CADC100041421D /* Frameworks */,
				31E6417119CADC100041421D /* Resources */,
			);
			buildRules = (
			);
			dependencies = (
			);
			name = PhotoEditingExtension;
			productName = PhotoEditingExtension;
			productReference = 31E6417319CADC100041421D /* PhotoEditingExtension.appex */;
			productType = "com.apple.product-type.app-extension";
		};
/* End PBXNativeTarget section */

/* Begin PBXProject section */
		31E6413F19CAD4C10041421D /* Project object */ = {
			isa = PBXProject;
			attributes = {
				LastUpgradeCheck = 0600;
				ORGANIZATIONNAME = "EL Passion";
				TargetAttributes = {
					31E6414619CAD4C10041421D = {
						CreatedOnToolsVersion = 6.0.1;
					};
					31E6415B19CAD4C10041421D = {
						CreatedOnToolsVersion = 6.0.1;
						TestTargetID = 31E6414619CAD4C10041421D;
					};
					31E6417219CADC100041421D = {
						CreatedOnToolsVersion = 6.0.1;
					};
				};
			};
			buildConfigurationList = 31E6414219CAD4C10041421D /* Build configuration list for PBXProject "SwiftMustaches" */;
			compatibilityVersion = "Xcode 3.2";
			developmentRegion = English;
			hasScannedForEncodings = 0;
			knownRegions = (
				en,
				Base,
			);
			mainGroup = 31E6413E19CAD4C10041421D;
			productRefGroup = 31E6414819CAD4C10041421D /* Products */;
			projectDirPath = "";
			projectRoot = "";
			targets = (
				31E6414619CAD4C10041421D /* SwiftMustaches */,
				31E6415B19CAD4C10041421D /* SwiftMustachesTests */,
				31E6417219CADC100041421D /* PhotoEditingExtension */,
			);
		};
/* End PBXProject section */

/* Begin PBXResourcesBuildPhase section */
		31E6414519CAD4C10041421D /* Resources */ = {
			isa = PBXResourcesBuildPhase;
			buildActionMask = 2147483647;
			files = (
				31E6415219CAD4C10041421D /* Main.storyboard in Resources */,
				31E6415719CAD4C10041421D /* LaunchScreen.xib in Resources */,
				31E6415419CAD4C10041421D /* Images.xcassets in Resources */,
			);
			runOnlyForDeploymentPostprocessing = 0;
		};
		31E6415A19CAD4C10041421D /* Resources */ = {
			isa = PBXResourcesBuildPhase;
			buildActionMask = 2147483647;
			files = (
			);
			runOnlyForDeploymentPostprocessing = 0;
		};
		31E6417119CADC100041421D /* Resources */ = {
			isa = PBXResourcesBuildPhase;
			buildActionMask = 2147483647;
			files = (
				31E6417F19CADC100041421D /* MainInterface.storyboard in Resources */,
			);
			runOnlyForDeploymentPostprocessing = 0;
		};
/* End PBXResourcesBuildPhase section */

/* Begin PBXSourcesBuildPhase section */
		31E6414319CAD4C10041421D /* Sources */ = {
			isa = PBXSourcesBuildPhase;
			buildActionMask = 2147483647;
			files = (
				31E6414F19CAD4C10041421D /* ViewController.swift in Sources */,
				31ED765D19CB10E4007365DC /* UIImage+ImageOrientation.swift in Sources */,
				31E6418C19CAE3AB0041421D /* MustacheAnnotation.swift in Sources */,
				31E6414D19CAD4C10041421D /* AppDelegate.swift in Sources */,
				31ED765A19CB0E06007365DC /* UIImage+RotatedImage.swift in Sources */,
			);
			runOnlyForDeploymentPostprocessing = 0;
		};
		31E6415819CAD4C10041421D /* Sources */ = {
			isa = PBXSourcesBuildPhase;
			buildActionMask = 2147483647;
			files = (
				31E6416319CAD4C10041421D /* SwiftMustachesTests.swift in Sources */,
			);
			runOnlyForDeploymentPostprocessing = 0;
		};
		31E6416F19CADC100041421D /* Sources */ = {
			isa = PBXSourcesBuildPhase;
			buildActionMask = 2147483647;
			files = (
				31ED765E19CB10E4007365DC /* UIImage+ImageOrientation.swift in Sources */,
				31ED765B19CB0E06007365DC /* UIImage+RotatedImage.swift in Sources */,
				31E6418D19CAE3AB0041421D /* MustacheAnnotation.swift in Sources */,
				31E6417D19CADC100041421D /* PhotoEditingViewController.swift in Sources */,
			);
			runOnlyForDeploymentPostprocessing = 0;
		};
/* End PBXSourcesBuildPhase section */

/* Begin PBXTargetDependency section */
		31E6415E19CAD4C10041421D /* PBXTargetDependency */ = {
			isa = PBXTargetDependency;
			target = 31E6414619CAD4C10041421D /* SwiftMustaches */;
			targetProxy = 31E6415D19CAD4C10041421D /* PBXContainerItemProxy */;
		};
		31E6418119CADC100041421D /* PBXTargetDependency */ = {
			isa = PBXTargetDependency;
			target = 31E6417219CADC100041421D /* PhotoEditingExtension */;
			targetProxy = 31E6418019CADC100041421D /* PBXContainerItemProxy */;
		};
		31E6418419CADC110041421D /* PBXTargetDependency */ = {
			isa = PBXTargetDependency;
			target = 31E6417219CADC100041421D /* PhotoEditingExtension */;
			targetProxy = 31E6418319CADC110041421D /* PBXContainerItemProxy */;
		};
/* End PBXTargetDependency section */

/* Begin PBXVariantGroup section */
		31E6415019CAD4C10041421D /* Main.storyboard */ = {
			isa = PBXVariantGroup;
			children = (
				31E6415119CAD4C10041421D /* Base */,
			);
			name = Main.storyboard;
			sourceTree = "<group>";
		};
		31E6415519CAD4C10041421D /* LaunchScreen.xib */ = {
			isa = PBXVariantGroup;
			children = (
				31E6415619CAD4C10041421D /* Base */,
			);
			name = LaunchScreen.xib;
			sourceTree = "<group>";
		};
/* End PBXVariantGroup section */

/* Begin XCBuildConfiguration section */
		31E6416419CAD4C10041421D /* Debug */ = {
			isa = XCBuildConfiguration;
			buildSettings = {
				ALWAYS_SEARCH_USER_PATHS = NO;
				CLANG_CXX_LANGUAGE_STANDARD = "gnu++0x";
				CLANG_CXX_LIBRARY = "libc++";
				CLANG_ENABLE_MODULES = YES;
				CLANG_ENABLE_OBJC_ARC = YES;
				CLANG_WARN_BOOL_CONVERSION = YES;
				CLANG_WARN_CONSTANT_CONVERSION = YES;
				CLANG_WARN_DIRECT_OBJC_ISA_USAGE = YES_ERROR;
				CLANG_WARN_EMPTY_BODY = YES;
				CLANG_WARN_ENUM_CONVERSION = YES;
				CLANG_WARN_INT_CONVERSION = YES;
				CLANG_WARN_OBJC_ROOT_CLASS = YES_ERROR;
				CLANG_WARN_UNREACHABLE_CODE = YES;
				CLANG_WARN__DUPLICATE_METHOD_MATCH = YES;
				"CODE_SIGN_IDENTITY[sdk=iphoneos*]" = "iPhone Developer";
				COPY_PHASE_STRIP = NO;
				ENABLE_STRICT_OBJC_MSGSEND = YES;
				GCC_C_LANGUAGE_STANDARD = gnu99;
				GCC_DYNAMIC_NO_PIC = NO;
				GCC_OPTIMIZATION_LEVEL = 0;
				GCC_PREPROCESSOR_DEFINITIONS = (
					"DEBUG=1",
					"$(inherited)",
				);
				GCC_SYMBOLS_PRIVATE_EXTERN = NO;
				GCC_WARN_64_TO_32_BIT_CONVERSION = YES;
				GCC_WARN_ABOUT_RETURN_TYPE = YES_ERROR;
				GCC_WARN_UNDECLARED_SELECTOR = YES;
				GCC_WARN_UNINITIALIZED_AUTOS = YES_AGGRESSIVE;
				GCC_WARN_UNUSED_FUNCTION = YES;
				GCC_WARN_UNUSED_VARIABLE = YES;
				IPHONEOS_DEPLOYMENT_TARGET = 8.0;
				MTL_ENABLE_DEBUG_INFO = YES;
				ONLY_ACTIVE_ARCH = YES;
				SDKROOT = iphoneos;
				SWIFT_OPTIMIZATION_LEVEL = "-Onone";
				TARGETED_DEVICE_FAMILY = "1,2";
			};
			name = Debug;
		};
		31E6416519CAD4C10041421D /* Release */ = {
			isa = XCBuildConfiguration;
			buildSettings = {
				ALWAYS_SEARCH_USER_PATHS = NO;
				CLANG_CXX_LANGUAGE_STANDARD = "gnu++0x";
				CLANG_CXX_LIBRARY = "libc++";
				CLANG_ENABLE_MODULES = YES;
				CLANG_ENABLE_OBJC_ARC = YES;
				CLANG_WARN_BOOL_CONVERSION = YES;
				CLANG_WARN_CONSTANT_CONVERSION = YES;
				CLANG_WARN_DIRECT_OBJC_ISA_USAGE = YES_ERROR;
				CLANG_WARN_EMPTY_BODY = YES;
				CLANG_WARN_ENUM_CONVERSION = YES;
				CLANG_WARN_INT_CONVERSION = YES;
				CLANG_WARN_OBJC_ROOT_CLASS = YES_ERROR;
				CLANG_WARN_UNREACHABLE_CODE = YES;
				CLANG_WARN__DUPLICATE_METHOD_MATCH = YES;
				"CODE_SIGN_IDENTITY[sdk=iphoneos*]" = "iPhone Developer";
				COPY_PHASE_STRIP = YES;
				ENABLE_NS_ASSERTIONS = NO;
				ENABLE_STRICT_OBJC_MSGSEND = YES;
				GCC_C_LANGUAGE_STANDARD = gnu99;
				GCC_WARN_64_TO_32_BIT_CONVERSION = YES;
				GCC_WARN_ABOUT_RETURN_TYPE = YES_ERROR;
				GCC_WARN_UNDECLARED_SELECTOR = YES;
				GCC_WARN_UNINITIALIZED_AUTOS = YES_AGGRESSIVE;
				GCC_WARN_UNUSED_FUNCTION = YES;
				GCC_WARN_UNUSED_VARIABLE = YES;
				IPHONEOS_DEPLOYMENT_TARGET = 8.0;
				MTL_ENABLE_DEBUG_INFO = NO;
				SDKROOT = iphoneos;
				TARGETED_DEVICE_FAMILY = "1,2";
				VALIDATE_PRODUCT = YES;
			};
			name = Release;
		};
		31E6416719CAD4C10041421D /* Debug */ = {
			isa = XCBuildConfiguration;
			buildSettings = {
				ASSETCATALOG_COMPILER_APPICON_NAME = AppIcon;
				INFOPLIST_FILE = "SwiftMustaches/Supporting Files/Info.plist";
				LD_RUNPATH_SEARCH_PATHS = "$(inherited) @executable_path/Frameworks";
				PRODUCT_NAME = "$(TARGET_NAME)";
			};
			name = Debug;
		};
		31E6416819CAD4C10041421D /* Release */ = {
			isa = XCBuildConfiguration;
			buildSettings = {
				ASSETCATALOG_COMPILER_APPICON_NAME = AppIcon;
				INFOPLIST_FILE = "SwiftMustaches/Supporting Files/Info.plist";
				LD_RUNPATH_SEARCH_PATHS = "$(inherited) @executable_path/Frameworks";
				PRODUCT_NAME = "$(TARGET_NAME)";
			};
			name = Release;
		};
		31E6416A19CAD4C10041421D /* Debug */ = {
			isa = XCBuildConfiguration;
			buildSettings = {
				BUNDLE_LOADER = "$(TEST_HOST)";
				FRAMEWORK_SEARCH_PATHS = (
					"$(SDKROOT)/Developer/Library/Frameworks",
					"$(inherited)",
				);
				GCC_PREPROCESSOR_DEFINITIONS = (
					"DEBUG=1",
					"$(inherited)",
				);
				INFOPLIST_FILE = "SwiftMustachesTests/Supporting Files/Info.plist";
				LD_RUNPATH_SEARCH_PATHS = "$(inherited) @executable_path/Frameworks @loader_path/Frameworks";
				PRODUCT_NAME = "$(TARGET_NAME)";
				TEST_HOST = "$(BUILT_PRODUCTS_DIR)/SwiftMustaches.app/SwiftMustaches";
			};
			name = Debug;
		};
		31E6416B19CAD4C10041421D /* Release */ = {
			isa = XCBuildConfiguration;
			buildSettings = {
				BUNDLE_LOADER = "$(TEST_HOST)";
				FRAMEWORK_SEARCH_PATHS = (
					"$(SDKROOT)/Developer/Library/Frameworks",
					"$(inherited)",
				);
				INFOPLIST_FILE = "SwiftMustachesTests/Supporting Files/Info.plist";
				LD_RUNPATH_SEARCH_PATHS = "$(inherited) @executable_path/Frameworks @loader_path/Frameworks";
				PRODUCT_NAME = "$(TARGET_NAME)";
				TEST_HOST = "$(BUILT_PRODUCTS_DIR)/SwiftMustaches.app/SwiftMustaches";
			};
			name = Release;
		};
		31E6418519CADC110041421D /* Debug */ = {
			isa = XCBuildConfiguration;
			buildSettings = {
				GCC_PREPROCESSOR_DEFINITIONS = (
					"DEBUG=1",
					"$(inherited)",
				);
				INFOPLIST_FILE = "PhotoEditingExtension/Supporting Files/Info.plist";
				LD_RUNPATH_SEARCH_PATHS = "$(inherited) @executable_path/Frameworks @executable_path/../../Frameworks";
				PRODUCT_NAME = "$(TARGET_NAME)";
				SKIP_INSTALL = YES;
			};
			name = Debug;
		};
		31E6418619CADC110041421D /* Release */ = {
			isa = XCBuildConfiguration;
			buildSettings = {
				INFOPLIST_FILE = "PhotoEditingExtension/Supporting Files/Info.plist";
				LD_RUNPATH_SEARCH_PATHS = "$(inherited) @executable_path/Frameworks @executable_path/../../Frameworks";
				PRODUCT_NAME = "$(TARGET_NAME)";
				SKIP_INSTALL = YES;
			};
			name = Release;
		};
/* End XCBuildConfiguration section */

/* Begin XCConfigurationList section */
		31E6414219CAD4C10041421D /* Build configuration list for PBXProject "SwiftMustaches" */ = {
			isa = XCConfigurationList;
			buildConfigurations = (
				31E6416419CAD4C10041421D /* Debug */,
				31E6416519CAD4C10041421D /* Release */,
			);
			defaultConfigurationIsVisible = 0;
			defaultConfigurationName = Release;
		};
		31E6416619CAD4C10041421D /* Build configuration list for PBXNativeTarget "SwiftMustaches" */ = {
			isa = XCConfigurationList;
			buildConfigurations = (
				31E6416719CAD4C10041421D /* Debug */,
				31E6416819CAD4C10041421D /* Release */,
			);
			defaultConfigurationIsVisible = 0;
			defaultConfigurationName = Release;
		};
		31E6416919CAD4C10041421D /* Build configuration list for PBXNativeTarget "SwiftMustachesTests" */ = {
			isa = XCConfigurationList;
			buildConfigurations = (
				31E6416A19CAD4C10041421D /* Debug */,
				31E6416B19CAD4C10041421D /* Release */,
			);
			defaultConfigurationIsVisible = 0;
			defaultConfigurationName = Release;
		};
		31E6418719CADC110041421D /* Build configuration list for PBXNativeTarget "PhotoEditingExtension" */ = {
			isa = XCConfigurationList;
			buildConfigurations = (
				31E6418519CADC110041421D /* Debug */,
				31E6418619CADC110041421D /* Release */,
			);
			defaultConfigurationIsVisible = 0;
			defaultConfigurationName = Release;
		};
/* End XCConfigurationList section */
	};
	rootObject = 31E6413F19CAD4C10041421D /* Project object */;
}
